
Microsoft Visual Studio Solution File, Format Version 12.00
# Visual Studio Version 17
VisualStudioVersion = 17.12.35506.116 d17.12
MinimumVisualStudioVersion = 10.0.40219.1
Project("{FAE04EC0-301F-11D3-BF4B-00C04F79EFBC}") = "Anonymous type,Delegates, Events and Lambda", "Anonymous type,Delegates, Events and Lambda.csproj", "{208B319A-1EB0-4088-8018-6EA888793ADD}"
EndProject
Global
	GlobalSection(SolutionConfigurationPlatforms) = preSolution
		Debug|Any CPU = Debug|Any CPU
		Release|Any CPU = Release|Any CPU
	EndGlobalSection
	GlobalSection(ProjectConfigurationPlatforms) = postSolution
		{208B319A-1EB0-4088-8018-6EA888793ADD}.Debug|Any CPU.ActiveCfg = Debug|Any CPU
		{208B319A-1EB0-4088-8018-6EA888793ADD}.Debug|Any CPU.Build.0 = Debug|Any CPU
		{208B319A-1EB0-4088-8018-6EA888793ADD}.Release|Any CPU.ActiveCfg = Release|Any CPU
		{208B319A-1EB0-4088-8018-6EA888793ADD}.Release|Any CPU.Build.0 = Release|Any CPU
	EndGlobalSection
	GlobalSection(SolutionProperties) = preSolution
		HideSolutionNode = FALSE
	EndGlobalSection
EndGlobal
